
Microsoft Visual Studio Solution File, Format Version 12.00
# Visual Studio Version 17
VisualStudioVersion = 17.0.31903.59
MinimumVisualStudioVersion = 10.0.40219.1
Project("{FAE04EC0-301F-11D3-BF4B-00C04F79EFBC}") = "CrewmanDesktopApp", "CrewmanDesktopApp\CrewmanDesktopApp.csproj", "{8B2F6C1E-4D3A-4F5B-9C7E-2A1D0E6F8B93}"
EndProject
Project("{2150E333-8FDC-42A3-9474-1A3956D46DE8}") = "Database", "Database", "{5E0A7D2C-9B4F-4E8A-A6C3-1F2B3D4E5F60}"
	ProjectSection(SolutionItems) = preProject
		Database\CrewmanDatabase.sql = Database\CrewmanDatabase.sql
	EndProjectSection
EndProject
Global
	GlobalSection(SolutionConfigurationPlatforms) = preSolution
		Debug|Any CPU = Debug|Any CPU
		Release|Any CPU = Release|Any CPU
	EndGlobalSection
	GlobalSection(ProjectConfigurationPlatforms) = postSolution
		{8B2F6C1E-4D3A-4F5B-9C7E-2A1D0E6F8B93}.Debug|Any CPU.ActiveCfg = Debug|Any CPU
		{8B2F6C1E-4D3A-4F5B-9C7E-2A1D0E6F8B93}.Debug|Any CPU.Build.0 = Debug|Any CPU
		{8B2F6C1E-4D3A-4F5B-9C7E-2A1D0E6F8B93}.Release|Any CPU.ActiveCfg = Release|Any CPU
		{8B2F6C1E-4D3A-4F5B-9C7E-2A1D0E6F8B93}.Release|Any CPU.Build.0 = Release|Any CPU
	EndGlobalSection
	GlobalSection(SolutionProperties) = preSolution
		HideSolutionNode = FALSE
	EndGlobalSection
	GlobalSection(ExtensibilityGlobals) = postSolution
		SolutionGuid = {A3D9F1B7-6C2E-4B8D-9E5A-7F0C1D2E3B44}
	EndGlobalSection
EndGlobal
